// !$*UTF8*$!
{
	archiveVersion = 1;
	classes = {
	};
	objectVersion = 46;
	objects = {

/* Begin PBXBuildFile section */
		CFB9E25B1C0200C400922F39 /* main.m in Sources */ = {isa = PBXBuildFile; fileRef = CFB9E25A1C0200C400922F39 /* main.m */; };
		CFB9E25E1C0200C400922F39 /* AppDelegate.m in Sources */ = {isa = PBXBuildFile; fileRef = CFB9E25D1C0200C400922F39 /* AppDelegate.m */; };
		CFB9E2611C0200C400922F39 /* ViewController.m in Sources */ = {isa = PBXBuildFile; fileRef = CFB9E2601C0200C400922F39 /* ViewController.m */; };
		CFB9E2641C0200C400922F39 /* Main.storyboard in Resources */ = {isa = PBXBuildFile; fileRef = CFB9E2621C0200C400922F39 /* Main.storyboard */; };
		CFB9E2661C0200C400922F39 /* Assets.xcassets in Resources */ = {isa = PBXBuildFile; fileRef = CFB9E2651C0200C400922F39 /* Assets.xcassets */; };
		CFB9E2691C0200C400922F39 /* LaunchScreen.storyboard in Resources */ = {isa = PBXBuildFile; fileRef = CFB9E2671C0200C400922F39 /* LaunchScreen.storyboard */; };
/* End PBXBuildFile section */

/* Begin PBXFileReference section */
		CFB9E2561C0200C400922F39 /* MMLabel.app */ = {isa = PBXFileReference; explicitFileType = wrapper.application; includeInIndex = 0; path = MMLabel.app; sourceTree = BUILT_PRODUCTS_DIR; };
		CFB9E25A1C0200C400922F39 /* main.m */ = {isa = PBXFileReference; lastKnownFileType = sourcecode.c.objc; path = main.m; sourceTree = "<group>"; };
		CFB9E25C1C0200C400922F39 /* AppDelegate.h */ = {isa = PBXFileReference; lastKnownFileType = sourcecode.c.h; path = AppDelegate.h; sourceTree = "<group>"; };
		CFB9E25D1C0200C400922F39 /* AppDelegate.m */ = {isa = PBXFileReference; lastKnownFileType = sourcecode.c.objc; path = AppDelegate.m; sourceTree = "<group>"; };
		CFB9E25F1C0200C400922F39 /* ViewController.h */ = {isa = PBXFileReference; lastKnownFileType = sourcecode.c.h; path = ViewController.h; sourceTree = "<group>"; };
		CFB9E2601C0200C400922F39 /* ViewController.m */ = {isa = PBXFileReference; lastKnownFileType = sourcecode.c.objc; path = ViewController.m; sourceTree = "<group>"; };
		CFB9E2631C0200C400922F39 /* Base */ = {isa = PBXFileReference; lastKnownFileType = file.storyboard; name = Base; path = Base.lproj/Main.storyboard; sourceTree = "<group>"; };
		CFB9E2651C0200C400922F39 /* Assets.xcassets */ = {isa = PBXFileReference; lastKnownFileType = folder.assetcatalog; path = Assets.xcassets; sourceTree = "<group>"; };
		CFB9E2681C0200C400922F39 /* Base */ = {isa = PBXFileReference; lastKnownFileType = file.storyboard; name = Base; path = Base.lproj/LaunchScreen.storyboard; sourceTree = "<group>"; };
		CFB9E26A1C0200C400922F39 /* Info.plist */ = {isa = PBXFileReference; lastKnownFileType = text.plist.xml; path = Info.plist; sourceTree = "<group>"; };
/* End PBXFileReference section */

/* Begin PBXFrameworksBuildPhase section */
		CFB9E2531C0200C400922F39 /* Frameworks */ = {
			isa = PBXFrameworksBuildPhase;
			buildActionMask = 2147483647;
			files = (
			);
			runOnlyForDeploymentPostprocessing = 0;
		};
/* End PBXFrameworksBuildPhase section */

/* Begin PBXGroup section */
		CFB9E24D1C0200C400922F39 = {
			isa = PBXGroup;
			children = (
				CFB9E2581C0200C400922F39 /* MMLabel */,
				CFB9E2571C0200C400922F39 /* Products */,
			);
			sourceTree = "<group>";
		};
		CFB9E2571C0200C400922F39 /* Products */ = {
			isa = PBXGroup;
			children = (
				CFB9E2561C0200C400922F39 /* MMLabel.app */,
			);
			name = Products;
			sourceTree = "<group>";
		};
		CFB9E2581C0200C400922F39 /* MMLabel */ = {
			isa = PBXGroup;
			children = (
				CFB9E25C1C0200C400922F39 /* AppDelegate.h */,
				CFB9E25D1C0200C400922F39 /* AppDelegate.m */,
				CFB9E25F1C0200C400922F39 /* ViewController.h */,
				CFB9E2601C0200C400922F39 /* ViewController.m */,
				CFB9E2621C0200C400922F39 /* Main.storyboard */,
				CFB9E2651C0200C400922F39 /* Assets.xcassets */,
				CFB9E2671C0200C400922F39 /* LaunchScreen.storyboard */,
				CFB9E26A1C0200C400922F39 /* Info.plist */,
				CFB9E2591C0200C400922F39 /* Supporting Files */,
			);
			path = MMLabel;
			sourceTree = "<group>";
		};
		CFB9E2591C0200C400922F39 /* Supporting Files */ = {
			isa = PBXGroup;
			children = (
				CFB9E25A1C0200C400922F39 /* main.m */,
			);
			name = "Supporting Files";
			sourceTree = "<group>";
		};
/* End PBXGroup section */

/* Begin PBXNativeTarget section */
		CFB9E2551C0200C400922F39 /* MMLabel */ = {
			isa = PBXNativeTarget;
			buildConfigurationList = CFB9E26D1C0200C400922F39 /* Build configuration list for PBXNativeTarget "MMLabel" */;
			buildPhases = (
				CFB9E2521C0200C400922F39 /* Sources */,
				CFB9E2531C0200C400922F39 /* Frameworks */,
				CFB9E2541C0200C400922F39 /* Resources */,
			);
			buildRules = (
			);
			dependencies = (
			);
			name = MMLabel;
			productName = MMLabel;
			productReference = CFB9E2561C0200C400922F39 /* MMLabel.app */;
			productType = "com.apple.product-type.application";
		};
/* End PBXNativeTarget section */

/* Begin PBXProject section */
		CFB9E24E1C0200C400922F39 /* Project object */ = {
			isa = PBXProject;
			attributes = {
				LastUpgradeCheck = 0710;
				ORGANIZATIONNAME = com.iScarlett.com;
				TargetAttributes = {
					CFB9E2551C0200C400922F39 = {
						CreatedOnToolsVersion = 7.1;
						DevelopmentTeam = 5V4LGQXC7X;
					};
				};
			};
			buildConfigurationList = CFB9E2511C0200C400922F39 /* Build configuration list for PBXProject "MMLabel" */;
			compatibilityVersion = "Xcode 3.2";
			developmentRegion = English;
			hasScannedForEncodings = 0;
			knownRegions = (
				en,
				Base,
			);
			mainGroup = CFB9E24D1C0200C400922F39;
			productRefGroup = CFB9E2571C0200C400922F39 /* Products */;
			projectDirPath = "";
			projectRoot = "";
			targets = (
				CFB9E2551C0200C400922F39 /* MMLabel */,
			);
		};
/* End PBXProject section */

/* Begin PBXResourcesBuildPhase section */
		CFB9E2541C0200C400922F39 /* Resources */ = {
			isa = PBXResourcesBuildPhase;
			buildActionMask = 2147483647;
			files = (
				CFB9E2691C0200C400922F39 /* LaunchScreen.storyboard in Resources */,
				CFB9E2661C0200C400922F39 /* Assets.xcassets in Resources */,
				CFB9E2641C0200C400922F39 /* Main.storyboard in Resources */,
			);
			runOnlyForDeploymentPostprocessing = 0;
		};
/* End PBXResourcesBuildPhase section */

/* Begin PBXSourcesBuildPhase section */
		CFB9E2521C0200C400922F39 /* Sources */ = {
			isa = PBXSourcesBuildPhase;
			buildActionMask = 2147483647;
			files = (
				CFB9E2611C0200C400922F39 /* ViewController.m in Sources */,
				CFB9E25E1C0200C400922F39 /* AppDelegate.m in Sources */,
				CFB9E25B1C0200C400922F39 /* main.m in Sources */,
			);
			runOnlyForDeploymentPostprocessing = 0;
		};
/* End PBXSourcesBuildPhase section */

/* Begin PBXVariantGroup section */
		CFB9E2621C0200C400922F39 /* Main.storyboard */ = {
			isa = PBXVariantGroup;
			children = (
				CFB9E2631C0200C400922F39 /* Base */,
			);
			name = Main.storyboard;
			sourceTree = "<group>";
		};
		CFB9E2671C0200C400922F39 /* LaunchScreen.storyboard */ = {
			isa = PBXVariantGroup;
			children = (
				CFB9E2681C0200C400922F39 /* Base */,
			);
			name = LaunchScreen.storyboard;
			sourceTree = "<group>";
		};
/* End PBXVariantGroup section */

/* Begin XCBuildConfiguration section */
		CFB9E26B1C0200C400922F39 /* Debug */ = {
			isa = XCBuildConfiguration;
			buildSettings = {
				ALWAYS_SEARCH_USER_PATHS = NO;
				CLANG_CXX_LANGUAGE_STANDARD = "gnu++0x";
				CLANG_CXX_LIBRARY = "libc++";
				CLANG_ENABLE_MODULES = YES;
				CLANG_ENABLE_OBJC_ARC = YES;
				CLANG_WARN_BOOL_CONVERSION = YES;
				CLANG_WARN_CONSTANT_CONVERSION = YES;
				CLANG_WARN_DIRECT_OBJC_ISA_USAGE = YES_ERROR;
				CLANG_WARN_EMPTY_BODY = YES;
				CLANG_WARN_ENUM_CONVERSION = YES;
				CLANG_WARN_INT_CONVERSION = YES;
				CLANG_WARN_OBJC_ROOT_CLASS = YES_ERROR;
				CLANG_WARN_UNREACHABLE_CODE = YES;
				CLANG_WARN__DUPLICATE_METHOD_MATCH = YES;
				"CODE_SIGN_IDENTITY[sdk=iphoneos*]" = "iPhone Developer";
				COPY_PHASE_STRIP = NO;
				DEBUG_INFORMATION_FORMAT = dwarf;
				ENABLE_STRICT_OBJC_MSGSEND = YES;
				ENABLE_TESTABILITY = YES;
				GCC_C_LANGUAGE_STANDARD = gnu99;
				GCC_DYNAMIC_NO_PIC = NO;
				GCC_NO_COMMON_BLOCKS = YES;
				GCC_OPTIMIZATION_LEVEL = 0;
				GCC_PREPROCESSOR_DEFINITIONS = (
					"DEBUG=1",
					"$(inherited)",
				);
				GCC_WARN_64_TO_32_BIT_CONVERSION = YES;
				GCC_WARN_ABOUT_RETURN_TYPE = YES_ERROR;
				GCC_WARN_UNDECLARED_SELECTOR = YES;
				GCC_WARN_UNINITIALIZED_AUTOS = YES_AGGRESSIVE;
				GCC_WARN_UNUSED_FUNCTION = YES;
				GCC_WARN_UNUSED_VARIABLE = YES;
				IPHONEOS_DEPLOYMENT_TARGET = 9.1;
				MTL_ENABLE_DEBUG_INFO = YES;
				ONLY_ACTIVE_ARCH = YES;
				SDKROOT = iphoneos;
			};
			name = Debug;
		};
		CFB9E26C1C0200C400922F39 /* Release */ = {
			isa = XCBuildConfiguration;
			buildSettings = {
				ALWAYS_SEARCH_USER_PATHS = NO;
				CLANG_CXX_LANGUAGE_STANDARD = "gnu++0x";
				CLANG_CXX_LIBRARY = "libc++";
				CLANG_ENABLE_MODULES = YES;
				CLANG_ENABLE_OBJC_ARC = YES;
				CLANG_WARN_BOOL_CONVERSION = YES;
				CLANG_WARN_CONSTANT_CONVERSION = YES;
				CLANG_WARN_DIRECT_OBJC_ISA_USAGE = YES_ERROR;
				CLANG_WARN_EMPTY_BODY = YES;
				CLANG_WARN_ENUM_CONVERSION = YES;
				CLANG_WARN_INT_CONVERSION = YES;
				CLANG_WARN_OBJC_ROOT_CLASS = YES_ERROR;
				CLANG_WARN_UNREACHABLE_CODE = YES;
				CLANG_WARN__DUPLICATE_METHOD_MATCH = YES;
				"CODE_SIGN_IDENTITY[sdk=iphoneos*]" = "iPhone Developer";
				COPY_PHASE_STRIP = NO;
				DEBUG_INFORMATION_FORMAT = "dwarf-with-dsym";
				ENABLE_NS_ASSERTIONS = NO;
				ENABLE_STRICT_OBJC_MSGSEND = YES;
				GCC_C_LANGUAGE_STANDARD = gnu99;
				GCC_NO_COMMON_BLOCKS = YES;
				GCC_WARN_64_TO_32_BIT_CONVERSION = YES;
				GCC_WARN_ABOUT_RETURN_TYPE = YES_ERROR;
				GCC_WARN_UNDECLARED_SELECTOR = YES;
				GCC_WARN_UNINITIALIZED_AUTOS = YES_AGGRESSIVE;
				GCC_WARN_UNUSED_FUNCTION = YES;
				GCC_WARN_UNUSED_VARIABLE = YES;
				IPHONEOS_DEPLOYMENT_TARGET = 9.1;
				MTL_ENABLE_DEBUG_INFO = NO;
				SDKROOT = iphoneos;
				VALIDATE_PRODUCT = YES;
			};
			name = Release;
		};
		CFB9E26E1C0200C400922F39 /* Debug */ = {
			isa = XCBuildConfiguration;
			buildSettings = {
				ASSETCATALOG_COMPILER_APPICON_NAME = AppIcon;
				INFOPLIST_FILE = MMLabel/Info.plist;
				IPHONEOS_DEPLOYMENT_TARGET = 7.0;
				LD_RUNPATH_SEARCH_PATHS = "$(inherited) @executable_path/Frameworks";
				PRODUCT_BUNDLE_IDENTIFIER = com.iScarlett.MMLabel;
				PRODUCT_NAME = "$(TARGET_NAME)";
			};
			name = Debug;
		};
		CFB9E26F1C0200C400922F39 /* Release */ = {
			isa = XCBuildConfiguration;
			buildSettings = {
				ASSETCATALOG_COMPILER_APPICON_NAME = AppIcon;
				INFOPLIST_FILE = MMLabel/Info.plist;
				IPHONEOS_DEPLOYMENT_TARGET = 7.0;
				LD_RUNPATH_SEARCH_PATHS = "$(inherited) @executable_path/Frameworks";
				PRODUCT_BUNDLE_IDENTIFIER = com.iScarlett.MMLabel;
				PRODUCT_NAME = "$(TARGET_NAME)";
			};
			name = Release;
		};
/* End XCBuildConfiguration section */

/* Begin XCConfigurationList section */
		CFB9E2511C0200C400922F39 /* Build configuration list for PBXProject "MMLabel" */ = {
			isa = XCConfigurationList;
			buildConfigurations = (
				CFB9E26B1C0200C400922F39 /* Debug */,
				CFB9E26C1C0200C400922F39 /* Release */,
			);
			defaultConfigurationIsVisible = 0;
			defaultConfigurationName = Release;
		};
		CFB9E26D1C0200C400922F39 /* Build configuration list for PBXNativeTarget "MMLabel" */ = {
			isa = XCConfigurationList;
			buildConfigurations = (
				CFB9E26E1C0200C400922F39 /* Debug */,
				CFB9E26F1C0200C400922F39 /* Release */,
			);
			defaultConfigurationIsVisible = 0;
		};
/* End XCConfigurationList section */
	};
	rootObject = CFB9E24E1C0200C400922F39 /* Project object */;
}
